
Microsoft Visual Studio Solution File, Format Version 12.00
# Visual Studio Version 16
VisualStudioVersion = 16.0.30413.136
MinimumVisualStudioVersion = 10.0.40219.1
Project("{FAE04EC0-301F-11D3-BF4B-00C04F79EFBC}") = "Customers.API", "Customers.API\Customers.API.csproj", "{72CE4AC6-B3A0-47A6-8997-4ECD9E081F1A}"
EndProject
Project("{FAE04EC0-301F-11D3-BF4B-00C04F79EFBC}") = "CustomersFunction", "CustomersFunction\CustomersFunction.csproj", "{805C5B3C-AA4B-4728-A7AF-A4C608712AA2}"
EndProject
Project("{FAE04EC0-301F-11D3-BF4B-00C04F79EFBC}") = "EventFunction", "EventFunction\EventFunction.csproj", "{D4E8813E-5B69-41D2-9573-0064D730E0EC}"
EndProject
Global
	GlobalSection(SolutionConfigurationPlatforms) = preSolution
		Debug|Any CPU = Debug|Any CPU
		Release|Any CPU = Release|Any CPU
	EndGlobalSection
	GlobalSection(ProjectConfigurationPlatforms) = postSolution
		{72CE4AC6-B3A0-47A6-8997-4ECD9E081F1A}.Debug|Any CPU.ActiveCfg = Debug|Any CPU
		{72CE4AC6-B3A0-47A6-8997-4ECD9E081F1A}.Debug|Any CPU.Build.0 = Debug|Any CPU
		{72CE4AC6-B3A0-47A6-8997-4ECD9E081F1A}.Release|Any CPU.ActiveCfg = Release|Any CPU
		{72CE4AC6-B3A0-47A6-8997-4ECD9E081F1A}.Release|Any CPU.Build.0 = Release|Any CPU
		{805C5B3C-AA4B-4728-A7AF-A4C608712AA2}.Debug|Any CPU.ActiveCfg = Debug|Any CPU
		{805C5B3C-AA4B-4728-A7AF-A4C608712AA2}.Debug|Any CPU.Build.0 = Debug|Any CPU
		{805C5B3C-AA4B-4728-A7AF-A4C608712AA2}.Release|Any CPU.ActiveCfg = Release|Any CPU
		{805C5B3C-AA4B-4728-A7AF-A4C608712AA2}.Release|Any CPU.Build.0 = Release|Any CPU
		{D4E8813E-5B69-41D2-9573-0064D730E0EC}.Debug|Any CPU.ActiveCfg = Debug|Any CPU
		{D4E8813E-5B69-41D2-9573-0064D730E0EC}.Debug|Any CPU.Build.0 = Debug|Any CPU
		{D4E8813E-5B69-41D2-9573-0064D730E0EC}.Release|Any CPU.ActiveCfg = Release|Any CPU
		{D4E8813E-5B69-41D2-9573-0064D730E0EC}.Release|Any CPU.Build.0 = Release|Any CPU
	EndGlobalSection
	GlobalSection(SolutionProperties) = preSolution
		HideSolutionNode = FALSE
	EndGlobalSection
	GlobalSection(ExtensibilityGlobals) = postSolution
		SolutionGuid = {0B2E72FA-5358-40F7-ADE1-C5C3B5B9DD40}
	EndGlobalSection
EndGlobal
